# THIS IS AN AUTOGENERATED FILE. DO NOT EDIT THIS FILE DIRECTLY.
# yarn lockfile v1


"@json2csv/formatters@^7.0.3":
  version "7.0.3"
  resolved "https://registry.npmmirror.com/@json2csv/formatters/-/formatters-7.0.3.tgz#4d0584bd2664d6dfaa7bccc192d1d18aac7bee27"
  integrity sha512-QLTpBNmNxGDAQNALkWwPdnyJ7IdXHQ0Motzog4fZOKK2ozpxckl6vwhWNBxbQs/25Zhp7bLS4J6ILu/hh0en6w==

"@json2csv/node@^7.0.3":
  version "7.0.3"
  resolved "https://registry.npmmirror.com/@json2csv/node/-/node-7.0.3.tgz#0a71ef27eb371540c1d5d470d6ffed5514eae181"
  integrity sha512-lmIprTZLw5UgetRXfkYlzHhs5juXFmeDR03Ao9ahOim7GYqsqMMCDe7SZGSXHYBLNVu5f2ClsUMOKLhHJtW7Zg==
  dependencies:
    "@json2csv/plainjs" "^7.0.3"

"@json2csv/plainjs@^7.0.3":
  version "7.0.3"
  resolved "https://registry.npmmirror.com/@json2csv/plainjs/-/plainjs-7.0.3.tgz#2182da06a38c17caceca64701389d9b80a233588"
  integrity sha512-AEpEdeSu8o64Sdf7Xoy7BM4MyfZToN7oxxleXJ6u7v3h0V0hKdNIw7i4kQ08wiIe7lcJBhS3JRyEPKX6k2AsjA==
  dependencies:
    "@json2csv/formatters" "^7.0.3"
    "@streamparser/json" "^0.0.17"
    lodash.get "^4.4.2"

"@streamparser/json@^0.0.17":
  version "0.0.17"
  resolved "https://registry.npmmirror.com/@streamparser/json/-/json-0.0.17.tgz#b68742ebb49eec9c1fcc76cfa730dd74a5131382"
  integrity sha512-mW54K6CTVJVLwXRB6kSS1xGWPmtTuXAStWnlvtesmcySgtop+eFPWOywBFPpJO4UD173epYsPSP6HSW8kuqN8w==

bluebird@^3.5.1:
  version "3.7.2"
  resolved "https://registry.npmmirror.com/bluebird/-/bluebird-3.7.2.tgz#9f229c15be272454ffa973ace0dbee79a1b0c36f"
  integrity sha512-XpNj6GDQzdfW+r2Wnn7xiSAd7TM3jzkxGXBGTtWKuSXv1xUV+azxAm8jdWZN06QTQk+2N2XB9jRDkvbmQmcRtg==

csvtojson@^2.0.10:
  version "2.0.10"
  resolved "https://registry.npmmirror.com/csvtojson/-/csvtojson-2.0.10.tgz#11e7242cc630da54efce7958a45f443210357574"
  integrity sha512-lUWFxGKyhraKCW8Qghz6Z0f2l/PqB1W3AO0HKJzGIQ5JRSlR651ekJDiGJbBT4sRNNv5ddnSGVEnsxP9XRCVpQ==
  dependencies:
    bluebird "^3.5.1"
    lodash "^4.17.3"
    strip-bom "^2.0.0"

is-utf8@^0.2.0:
  version "0.2.1"
  resolved "https://registry.npmmirror.com/is-utf8/-/is-utf8-0.2.1.tgz#4b0da1442104d1b336340e80797e865cf39f7d72"
  integrity sha512-rMYPYvCzsXywIsldgLaSoPlw5PfoB/ssr7hY4pLfcodrA5M/eArza1a9VmTiNIBNMjOGr1Ow9mTyU2o69U6U9Q==

lodash.get@^4.4.2:
  version "4.4.2"
  resolved "https://registry.npmmirror.com/lodash.get/-/lodash.get-4.4.2.tgz#2d177f652fa31e939b4438d5341499dfa3825e99"
  integrity sha512-z+Uw/vLuy6gQe8cfaFWD7p0wVv8fJl3mbzXh33RS+0oW2wvUqiRXiQ69gLWSLpgB5/6sU+r6BlQR0MBILadqTQ==

lodash@^4.17.21, lodash@^4.17.3:
  version "4.17.21"
  resolved "https://registry.npmmirror.com/lodash/-/lodash-4.17.21.tgz#679591c564c3bffaae8454cf0b3df370c3d6911c"
  integrity sha512-v2kDEe57lecTulaDIuNTPy3Ry4gLGJ6Z1O3vE1krgXZNrsQ+LFTGHVxVjcXPs17LhbZVGedAJv8XZ1tvj5FvSg==

strip-bom@^2.0.0:
  version "2.0.0"
  resolved "https://registry.npmmirror.com/strip-bom/-/strip-bom-2.0.0.tgz#6219a85616520491f35788bdbf1447a99c7e6b0e"
  integrity sha512-kwrX1y7czp1E69n2ajbG65mIo9dqvJ+8aBQXOGVxqwvNbsXdFM6Lq37dLAY3mknUwru8CfcCbfOLL/gMo+fi3g==
  dependencies:
    is-utf8 "^0.2.0"
